
Microsoft Visual Studio Solution File, Format Version 12.00
# Visual Studio 15
VisualStudioVersion = 15.0.28010.2046
MinimumVisualStudioVersion = 10.0.40219.1
Project("{FAE04EC0-301F-11D3-BF4B-00C04F79EFBC}") = "BlazorPlayground.Server", "BlazorPlayground.Server\BlazorPlayground.Server.csproj", "{A06C19B7-F121-4837-90AC-3DAD7C0303DD}"
EndProject
Project("{FAE04EC0-301F-11D3-BF4B-00C04F79EFBC}") = "BlazorPlayground.Client", "BlazorPlayground.Client\BlazorPlayground.Client.csproj", "{7CD86DDF-BDC8-45A8-803B-A37507B17D8B}"
EndProject
Project("{FAE04EC0-301F-11D3-BF4B-00C04F79EFBC}") = "BlazorPlayground.Shared", "BlazorPlayground.Shared\BlazorPlayground.Shared.csproj", "{0C92541D-FEC8-4B9C-AE05-CFE969BD8477}"
EndProject
Global
	GlobalSection(SolutionConfigurationPlatforms) = preSolution
		Debug|Any CPU = Debug|Any CPU
		Release|Any CPU = Release|Any CPU
	EndGlobalSection
	GlobalSection(ProjectConfigurationPlatforms) = postSolution
		{A06C19B7-F121-4837-90AC-3DAD7C0303DD}.Debug|Any CPU.ActiveCfg = Debug|Any CPU
		{A06C19B7-F121-4837-90AC-3DAD7C0303DD}.Debug|Any CPU.Build.0 = Debug|Any CPU
		{A06C19B7-F121-4837-90AC-3DAD7C0303DD}.Release|Any CPU.ActiveCfg = Release|Any CPU
		{A06C19B7-F121-4837-90AC-3DAD7C0303DD}.Release|Any CPU.Build.0 = Release|Any CPU
		{7CD86DDF-BDC8-45A8-803B-A37507B17D8B}.Debug|Any CPU.ActiveCfg = Debug|Any CPU
		{7CD86DDF-BDC8-45A8-803B-A37507B17D8B}.Debug|Any CPU.Build.0 = Debug|Any CPU
		{7CD86DDF-BDC8-45A8-803B-A37507B17D8B}.Release|Any CPU.ActiveCfg = Release|Any CPU
		{7CD86DDF-BDC8-45A8-803B-A37507B17D8B}.Release|Any CPU.Build.0 = Release|Any CPU
		{0C92541D-FEC8-4B9C-AE05-CFE969BD8477}.Debug|Any CPU.ActiveCfg = Debug|Any CPU
		{0C92541D-FEC8-4B9C-AE05-CFE969BD8477}.Debug|Any CPU.Build.0 = Debug|Any CPU
		{0C92541D-FEC8-4B9C-AE05-CFE969BD8477}.Release|Any CPU.ActiveCfg = Release|Any CPU
		{0C92541D-FEC8-4B9C-AE05-CFE969BD8477}.Release|Any CPU.Build.0 = Release|Any CPU
	EndGlobalSection
	GlobalSection(SolutionProperties) = preSolution
		HideSolutionNode = FALSE
	EndGlobalSection
	GlobalSection(ExtensibilityGlobals) = postSolution
		SolutionGuid = {DCEF3CB7-8666-4505-B189-836FD8B56147}
	EndGlobalSection
EndGlobal
